
Microsoft Visual Studio Solution File, Format Version 12.00
# Visual Studio Version 16
VisualStudioVersion = 16.0.29609.76
MinimumVisualStudioVersion = 10.0.40219.1
Project("{FAE04EC0-301F-11D3-BF4B-00C04F79EFBC}") = "Lovtsova_2", "Lovtsova_2\Lovtsova_2.csproj", "{AA64AD9D-50B0-40D8-B9F2-EAB29E7B9D65}"
EndProject
Global
	GlobalSection(SolutionConfigurationPlatforms) = preSolution
		Debug|Any CPU = Debug|Any CPU
		Release|Any CPU = Release|Any CPU
	EndGlobalSection
	GlobalSection(ProjectConfigurationPlatforms) = postSolution
		{AA64AD9D-50B0-40D8-B9F2-EAB29E7B9D65}.Debug|Any CPU.ActiveCfg = Debug|Any CPU
		{AA64AD9D-50B0-40D8-B9F2-EAB29E7B9D65}.Debug|Any CPU.Build.0 = Debug|Any CPU
		{AA64AD9D-50B0-40D8-B9F2-EAB29E7B9D65}.Release|Any CPU.ActiveCfg = Release|Any CPU
		{AA64AD9D-50B0-40D8-B9F2-EAB29E7B9D65}.Release|Any CPU.Build.0 = Release|Any CPU
	EndGlobalSection
	GlobalSection(SolutionProperties) = preSolution
		HideSolutionNode = FALSE
	EndGlobalSection
	GlobalSection(ExtensibilityGlobals) = postSolution
		SolutionGuid = {800ED9F4-2F79-4D74-83CC-74157940695A}
	EndGlobalSection
EndGlobal
